PODS:
  - GustyAppKit (1.0.3):
    - GustyAppKit/CoreApp (= 1.0.3)
  - GustyAppKit/CoreApp (1.0.3):
    - GustyKit
  - GustyKit (1.0.1):
    - GustyKit/CoreUI (= 1.0.1)
  - GustyKit/CoreUI (1.0.1):
    - GustyKit/Foundation
    - ODRefreshControl (= 1.1.0)
  - GustyKit/Foundation (1.0.1)
  - ODRefreshControl (1.1.0)

DEPENDENCIES:
  - GustyAppKit (from `https://github.com/marcelo-schroeder/GustyAppKit.git`, branch
    `dev_NextVersion`)
  - GustyKit (from `https://github.com/marcelo-schroeder/GustyKit.git`, branch `dev_NextVersion`)

EXTERNAL SOURCES:
  GustyAppKit:
    :branch: dev_NextVersion
    :git: https://github.com/marcelo-schroeder/GustyAppKit.git
  GustyKit:
    :branch: dev_NextVersion
    :git: https://github.com/marcelo-schroeder/GustyKit.git

CHECKOUT OPTIONS:
  GustyAppKit:
    :commit: 9efd66ea01a44aa544de6a9dd325cac29dcb115f
    :git: https://github.com/marcelo-schroeder/GustyAppKit.git
  GustyKit:
    :commit: f4b5f06e86273972a43bdfeceeb90cb094541dd6
    :git: https://github.com/marcelo-schroeder/GustyKit.git

SPEC CHECKSUMS:
  GustyAppKit: 4b69c44100bf2abd6bf97960a766ecc17058ade9
  GustyKit: 840834f44e6d7d123d2aa7aa59b6951df0fe14d2
  ODRefreshControl: 4c4c413bf70d2ea0c02a28ac0a0b3b4bf4dbfdea

COCOAPODS: 0.38.2
