// !$*UTF8*$!
{
	archiveVersion = 1;
	classes = {
	};
	objectVersion = 46;
	objects = {

/* Begin PBXAggregateTarget section */
		F767CF101A8403FD0098BD60 /* GustyAppKitDoc */ = {
			isa = PBXAggregateTarget;
			buildConfigurationList = F767CF131A8403FD0098BD60 /* Build configuration list for PBXAggregateTarget "GustyAppKitDoc" */;
			buildPhases = (
				F767CF141A84040E0098BD60 /* ShellScript */,
			);
			dependencies = (
			);
			name = GustyAppKitDoc;
			productName = GustyLibDoc;
		};
/* End PBXAggregateTarget section */

/* Begin PBXBuildFile section */
		1073800227596C83086382AE /* IFAAbstractPagingContainerViewController.m in Sources */ = {isa = PBXBuildFile; fileRef = 10738CFB2AE9503F94CD5C68 /* IFAAbstractPagingContainerViewController.m */; };
		1073809D93121BE27FD14729 /* IFAGoogleMobileAdsManager.m in Sources */ = {isa = PBXBuildFile; fileRef = 1073804D2F71DE536C2DB9F8 /* IFAGoogleMobileAdsManager.m */; };
		107380EC7DB918081A4CFE27 /* IFAUIUtils+IFACoreApp.m in Sources */ = {isa = PBXBuildFile; fileRef = 10738F516E06EC55A0C28C21 /* IFAUIUtils+IFACoreApp.m */; };
		10738163D34A3FA84248B4D6 /* IFAApplicationLogViewController.m in Sources */ = {isa = PBXBuildFile; fileRef = 10738A6FD75C63F34DB33ABF /* IFAApplicationLogViewController.m */; };
		10738186E7932FF17137318A /* UIViewController+IFACoreApp.m in Sources */ = {isa = PBXBuildFile; fileRef = 10738333EDAEA45A64915F4D /* UIViewController+IFACoreApp.m */; };
		1073819B5968B4C40BD106EA /* IFAWebViewController.m in Sources */ = {isa = PBXBuildFile; fileRef = 1073827C44EE86F9C8C88B9E /* IFAWebViewController.m */; };
		10738424D3913A41A14FC055 /* IFA_SVModalWebViewController.m in Sources */ = {isa = PBXBuildFile; fileRef = 10738798E7EA78329F8991FE /* IFA_SVModalWebViewController.m */; };
		107384BF5B179BCC5696785F /* IFAFlurrySupportUtils.m in Sources */ = {isa = PBXBuildFile; fileRef = 107388B5F27D3E6543C81E68 /* IFAFlurrySupportUtils.m */; };
		1073851A042989356E87C8E9 /* IFAExternalWebBrowserActivity.m in Sources */ = {isa = PBXBuildFile; fileRef = 10738EDD7A5F33CF2F16AFCB /* IFAExternalWebBrowserActivity.m */; };
		1073852C105B26865BB1CC46 /* UIButton+IFAHelp.m in Sources */ = {isa = PBXBuildFile; fileRef = 10738885C588D47BDFC5EAFF /* UIButton+IFAHelp.m */; };
		1073859347BD2DC1A16AD962 /* IFAAppDefaultAppearanceTheme.m in Sources */ = {isa = PBXBuildFile; fileRef = 107387C106E4F15EB15A4AE0 /* IFAAppDefaultAppearanceTheme.m */; };
		107385AB01714EA48695AEB3 /* IFADynamicPagingContainerViewController.m in Sources */ = {isa = PBXBuildFile; fileRef = 107388C5BC02A4C49ECDE285 /* IFADynamicPagingContainerViewController.m */; };
		1073862083C98EE796A95569 /* UIViewController+IFAGoogleMobileAdsSupport.m in Sources */ = {isa = PBXBuildFile; fileRef = 107383B8ABDCE2409B584D58 /* UIViewController+IFAGoogleMobileAdsSupport.m */; };
		1073863758AF701EC68AE637 /* IFAMasterDetailViewController.m in Sources */ = {isa = PBXBuildFile; fileRef = 10738FB148F906EB6B5C16D3 /* IFAMasterDetailViewController.m */; };
		1073869E318B479D88C3429C /* IFAApplicationLog.m in Sources */ = {isa = PBXBuildFile; fileRef = 10738D4040E8E5C61A075FF1 /* IFAApplicationLog.m */; };
		107386D9F658EFC78B25F59B /* IFAUserNotificationSettingsManagerTests.m in Sources */ = {isa = PBXBuildFile; fileRef = 107380E324462A3239AB0ABD /* IFAUserNotificationSettingsManagerTests.m */; };
		1073874199C37257285963AB /* IFAApplicationLog+IFACoreApp.m in Sources */ = {isa = PBXBuildFile; fileRef = 107382B78556C31C379C2E8D /* IFAApplicationLog+IFACoreApp.m */; };
		1073881DE070F9CABAFC0D2D /* HtmlParser_testdata4.html in Resources */ = {isa = PBXBuildFile; fileRef = 1073874B2599AF4BCFAB3F71 /* HtmlParser_testdata4.html */; };
		1073890C5D466FC6E750909C /* IFAApplicationDelegate.m in Sources */ = {isa = PBXBuildFile; fileRef = 10738DC6867E204AED0143E7 /* IFAApplicationDelegate.m */; };
		107389D31768B3E7759FFE8D /* IFA_SVWebViewController.m in Sources */ = {isa = PBXBuildFile; fileRef = 10738BE601B87FFDCA8AD691 /* IFA_SVWebViewController.m */; };
		107389FFA4D08D816F533543 /* IFAStaticPagingContainerViewController.m in Sources */ = {isa = PBXBuildFile; fileRef = 107381324E3281C084131DDD /* IFAStaticPagingContainerViewController.m */; };
		10738AA931A381674D3D45D6 /* IFAAppMapViewController.m in Sources */ = {isa = PBXBuildFile; fileRef = 107388C9C300E255A88E3D1A /* IFAAppMapViewController.m */; };
		10738C09541F4AA5067C54BA /* IFAUserNotificationSettingsManager.m in Sources */ = {isa = PBXBuildFile; fileRef = 1073884DDE37489559EA1269 /* IFAUserNotificationSettingsManager.m */; };
		10738C157DD7A0429F42455B /* UIViewController+IFAHelp.m in Sources */ = {isa = PBXBuildFile; fileRef = 1073835B7F7D30DF49702F3B /* UIViewController+IFAHelp.m */; };
		10738D640B795DFB92775A1E /* NSURL+IFACoreApp.m in Sources */ = {isa = PBXBuildFile; fileRef = 10738F9A731202F736AB8388 /* NSURL+IFACoreApp.m */; };
		10738E15A7A9AB4E71DD43E5 /* UIViewController+IFAFlurrySupport.m in Sources */ = {isa = PBXBuildFile; fileRef = 1073879589174712523C707A /* UIViewController+IFAFlurrySupport.m */; };
		10738E4B2E6EFC71DCC019C6 /* IFA_IBActionSheet.m in Sources */ = {isa = PBXBuildFile; fileRef = 10738AE2F2C62259FBE50F30 /* IFA_IBActionSheet.m */; };
		9BFB96E350393FBBA7D426CC /* libPods.a in Frameworks */ = {isa = PBXBuildFile; fileRef = B8B28A2EAE96F7FDB7DD2582 /* libPods.a */; };
		F72E8FA8194E446C00CFB3B1 /* IFAHtmlParser.m in Sources */ = {isa = PBXBuildFile; fileRef = F72E8FA4194E446C00CFB3B1 /* IFAHtmlParser.m */; };
		F72E8FB0194E447A00CFB3B1 /* IFAHtmlParserTests.m in Sources */ = {isa = PBXBuildFile; fileRef = F72E8FAB194E447A00CFB3B1 /* IFAHtmlParserTests.m */; };
		F72E8FB1194E447A00CFB3B1 /* HtmlParser_testdata1.html in Resources */ = {isa = PBXBuildFile; fileRef = F72E8FAD194E447A00CFB3B1 /* HtmlParser_testdata1.html */; };
		F72E8FB2194E447A00CFB3B1 /* HtmlParser_testdata2.html in Resources */ = {isa = PBXBuildFile; fileRef = F72E8FAE194E447A00CFB3B1 /* HtmlParser_testdata2.html */; };
		F72E8FB3194E447A00CFB3B1 /* HtmlParser_testdata3.html in Resources */ = {isa = PBXBuildFile; fileRef = F72E8FAF194E447A00CFB3B1 /* HtmlParser_testdata3.html */; };
		F72E90281952F03100CFB3B1 /* IFAHelpManager.m in Sources */ = {isa = PBXBuildFile; fileRef = F72E90211952F03100CFB3B1 /* IFAHelpManager.m */; };
		F766D33E18ECA71000B3B590 /* CoreLocation.framework in Frameworks */ = {isa = PBXBuildFile; fileRef = F766D33D18ECA71000B3B590 /* CoreLocation.framework */; };
		F766D33F18ECA7D700B3B590 /* MapKit.framework in Frameworks */ = {isa = PBXBuildFile; fileRef = F7D4DBED18EA11E100ABF401 /* MapKit.framework */; };
		F766D34118ECADCE00B3B590 /* GLKit.framework in Frameworks */ = {isa = PBXBuildFile; fileRef = F766D34018ECADCE00B3B590 /* GLKit.framework */; };
		F7C806171AE8C1FE0097280C /* IFAInternalWebBrowserActivity.m in Sources */ = {isa = PBXBuildFile; fileRef = F7C806141AE8C1FE0097280C /* IFAInternalWebBrowserActivity.m */; };
		F7C806181AE8C1FE0097280C /* IFAInternalWebBrowserViewController.m in Sources */ = {isa = PBXBuildFile; fileRef = F7C806161AE8C1FE0097280C /* IFAInternalWebBrowserViewController.m */; };
		F7C8061E1AE8C50B0097280C /* IFASplitViewController.m in Sources */ = {isa = PBXBuildFile; fileRef = F7C8061D1AE8C50B0097280C /* IFASplitViewController.m */; };
		F7C8063B1AE9997B0097280C /* IFASlidingViewController.m in Sources */ = {isa = PBXBuildFile; fileRef = F7C8063A1AE9997B0097280C /* IFASlidingViewController.m */; };
		F7C806421AE9998B0097280C /* IFA_ECSlidingViewController.m in Sources */ = {isa = PBXBuildFile; fileRef = F7C8063E1AE9998B0097280C /* IFA_ECSlidingViewController.m */; };
		F7C806441AE9998B0097280C /* UIImage+IFA_ECImageWithUIView.m in Sources */ = {isa = PBXBuildFile; fileRef = F7C806411AE9998B0097280C /* UIImage+IFA_ECImageWithUIView.m */; };
		F7C8064A1AE9DB5F0097280C /* IFAThirdPartyCodeCreditsViewController.m in Sources */ = {isa = PBXBuildFile; fileRef = F7C806491AE9DB5F0097280C /* IFAThirdPartyCodeCreditsViewController.m */; };
		F7C806521AE9E3690097280C /* IFAAboutFormViewController.m in Sources */ = {isa = PBXBuildFile; fileRef = F7C8064C1AE9E3690097280C /* IFAAboutFormViewController.m */; };
		F7C806531AE9E3690097280C /* IFAAboutViewController.m in Sources */ = {isa = PBXBuildFile; fileRef = F7C8064E1AE9E3690097280C /* IFAAboutViewController.m */; };
		F7C806541AE9E3690097280C /* IFAAboutInfoModel.m in Sources */ = {isa = PBXBuildFile; fileRef = F7C8064F1AE9E3690097280C /* IFAAboutInfoModel.m */; };
		F7C806571AE9FA560097280C /* IFAPreferencesFormViewController.m in Sources */ = {isa = PBXBuildFile; fileRef = F7C806561AE9FA560097280C /* IFAPreferencesFormViewController.m */; };
		F7C8065A1AE9FAFA0097280C /* IFAAbstractWebBrowserActivity.m in Sources */ = {isa = PBXBuildFile; fileRef = F7C806591AE9FAFA0097280C /* IFAAbstractWebBrowserActivity.m */; };
		F7D4D83718EA00E600ABF401 /* Foundation.framework in Frameworks */ = {isa = PBXBuildFile; fileRef = F7D4D83618EA00E600ABF401 /* Foundation.framework */; };
		F7D4D84518EA00E600ABF401 /* XCTest.framework in Frameworks */ = {isa = PBXBuildFile; fileRef = F7D4D84418EA00E600ABF401 /* XCTest.framework */; };
		F7D4D84618EA00E600ABF401 /* Foundation.framework in Frameworks */ = {isa = PBXBuildFile; fileRef = F7D4D83618EA00E600ABF401 /* Foundation.framework */; };
		F7D4D84818EA00E600ABF401 /* UIKit.framework in Frameworks */ = {isa = PBXBuildFile; fileRef = F7D4D84718EA00E600ABF401 /* UIKit.framework */; };
		F7D4D84B18EA00E600ABF401 /* libGustyAppKit.a in Frameworks */ = {isa = PBXBuildFile; fileRef = F7D4D83318EA00E600ABF401 /* libGustyAppKit.a */; };
		F7D4D85118EA00E600ABF401 /* InfoPlist.strings in Resources */ = {isa = PBXBuildFile; fileRef = F7D4D84F18EA00E600ABF401 /* InfoPlist.strings */; };
		F7F1805419D35FDD00BFB8B6 /* IFAHelpViewController.m in Sources */ = {isa = PBXBuildFile; fileRef = F7F1805119D35FDD00BFB8B6 /* IFAHelpViewController.m */; };
		F7F1805519D35FDD00BFB8B6 /* IFAHelpContentViewController.m in Sources */ = {isa = PBXBuildFile; fileRef = F7F1805319D35FDD00BFB8B6 /* IFAHelpContentViewController.m */; };
/* End PBXBuildFile section */

/* Begin PBXContainerItemProxy section */
		F7D4D84918EA00E600ABF401 /* PBXContainerItemProxy */ = {
			isa = PBXContainerItemProxy;
			containerPortal = F7D4D82B18EA00E600ABF401 /* Project object */;
			proxyType = 1;
			remoteGlobalIDString = F7D4D83218EA00E600ABF401;
			remoteInfo = GustyLib;
		};
/* End PBXContainerItemProxy section */

/* Begin PBXCopyFilesBuildPhase section */
		F7D4D83118EA00E600ABF401 /* CopyFiles */ = {
			isa = PBXCopyFilesBuildPhase;
			buildActionMask = 2147483647;
			dstPath = "include/$(PRODUCT_NAME)";
			dstSubfolderSpec = 16;
			files = (
			);
			runOnlyForDeploymentPostprocessing = 0;
		};
/* End PBXCopyFilesBuildPhase section */

/* Begin PBXFileReference section */
		1073802A253FC9F8739AEBBE /* IFA_Icon_Help_selected.png */ = {isa = PBXFileReference; lastKnownFileType = image.png; path = IFA_Icon_Help_selected.png; sourceTree = "<group>"; };
		1073804D2F71DE536C2DB9F8 /* IFAGoogleMobileAdsManager.m */ = {isa = PBXFileReference; fileEncoding = 4; lastKnownFileType = sourcecode.c.objc; path = IFAGoogleMobileAdsManager.m; sourceTree = "<group>"; };
		1073809B6A3A94F5A3CEC3C8 /* IFAExternalWebBrowserActivity.h */ = {isa = PBXFileReference; fileEncoding = 4; lastKnownFileType = sourcecode.c.h; path = IFAExternalWebBrowserActivity.h; sourceTree = "<group>"; };
		107380C8C2CE716DAC3FD160 /* internalWebBrowserActivity@2x~iphone.png */ = {isa = PBXFileReference; lastKnownFileType = image.png; path = "internalWebBrowserActivity@2x~iphone.png"; sourceTree = "<group>"; };
		107380E324462A3239AB0ABD /* IFAUserNotificationSettingsManagerTests.m */ = {isa = PBXFileReference; fileEncoding = 4; lastKnownFileType = sourcecode.c.objc; path = IFAUserNotificationSettingsManagerTests.m; sourceTree = "<group>"; };
		107381324E3281C084131DDD /* IFAStaticPagingContainerViewController.m */ = {isa = PBXFileReference; fileEncoding = 4; lastKnownFileType = sourcecode.c.objc; path = IFAStaticPagingContainerViewController.m; sourceTree = "<group>"; };
		1073817EB21F845CA0466DD8 /* IFADynamicPagingContainerViewControllerDataSource.h */ = {isa = PBXFileReference; fileEncoding = 4; lastKnownFileType = sourcecode.c.h; path = IFADynamicPagingContainerViewControllerDataSource.h; sourceTree = "<group>"; };
		1073820FF6F4F78E544C77BE /* IFAGoogleMobileAdsManager.h */ = {isa = PBXFileReference; fileEncoding = 4; lastKnownFileType = sourcecode.c.h; path = IFAGoogleMobileAdsManager.h; sourceTree = "<group>"; };
		1073827C44EE86F9C8C88B9E /* IFAWebViewController.m */ = {isa = PBXFileReference; fileEncoding = 4; lastKnownFileType = sourcecode.c.objc; path = IFAWebViewController.m; sourceTree = "<group>"; };
		107382B78556C31C379C2E8D /* IFAApplicationLog+IFACoreApp.m */ = {isa = PBXFileReference; fileEncoding = 4; lastKnownFileType = sourcecode.c.objc; path = "IFAApplicationLog+IFACoreApp.m"; sourceTree = "<group>"; };
		10738333EDAEA45A64915F4D /* UIViewController+IFACoreApp.m */ = {isa = PBXFileReference; fileEncoding = 4; lastKnownFileType = sourcecode.c.objc; path = "UIViewController+IFACoreApp.m"; sourceTree = "<group>"; };
		1073834B8A053E54A0269491 /* IFAUserNotificationSettingsManager.h */ = {isa = PBXFileReference; fileEncoding = 4; lastKnownFileType = sourcecode.c.h; path = IFAUserNotificationSettingsManager.h; sourceTree = "<group>"; };
		1073835B7F7D30DF49702F3B /* UIViewController+IFAHelp.m */ = {isa = PBXFileReference; fileEncoding = 4; lastKnownFileType = sourcecode.c.objc; path = "UIViewController+IFAHelp.m"; sourceTree = "<group>"; };
		1073838656DB04F09675E62C /* UIViewController+IFACoreApp.h */ = {isa = PBXFileReference; fileEncoding = 4; lastKnownFileType = sourcecode.c.h; path = "UIViewController+IFACoreApp.h"; sourceTree = "<group>"; };
		107383B8ABDCE2409B584D58 /* UIViewController+IFAGoogleMobileAdsSupport.m */ = {isa = PBXFileReference; fileEncoding = 4; lastKnownFileType = sourcecode.c.objc; path = "UIViewController+IFAGoogleMobileAdsSupport.m"; sourceTree = "<group>"; };
		1073842D07E1E5877EB0EA68 /* UIViewController+IFAGoogleMobileAdsSupport.h */ = {isa = PBXFileReference; fileEncoding = 4; lastKnownFileType = sourcecode.c.h; path = "UIViewController+IFAGoogleMobileAdsSupport.h"; sourceTree = "<group>"; };
		1073845365554DCC4B99FDD8 /* SVWebViewController.bundle */ = {isa = PBXFileReference; lastKnownFileType = "wrapper.plug-in"; path = SVWebViewController.bundle; sourceTree = "<group>"; };
		107384560C88DE84661DDB98 /* IFA_Icon_Help_normal.png */ = {isa = PBXFileReference; lastKnownFileType = image.png; path = IFA_Icon_Help_normal.png; sourceTree = "<group>"; };
		107384770B292D4B012F7FAB /* UIViewController+IFAFlurrySupport.h */ = {isa = PBXFileReference; fileEncoding = 4; lastKnownFileType = sourcecode.c.h; path = "UIViewController+IFAFlurrySupport.h"; sourceTree = "<group>"; };
		107384D178AA2059D61AC9F0 /* IFAMasterDetailViewController.h */ = {isa = PBXFileReference; fileEncoding = 4; lastKnownFileType = sourcecode.c.h; path = IFAMasterDetailViewController.h; sourceTree = "<group>"; };
		107384F67D90CEDAD025BE5D /* IFAApplicationLog+IFACoreApp.h */ = {isa = PBXFileReference; fileEncoding = 4; lastKnownFileType = sourcecode.c.h; path = "IFAApplicationLog+IFACoreApp.h"; sourceTree = "<group>"; };
		107384F8C47CEB2B0326E584 /* GustyAppKitFlurrySupport.h */ = {isa = PBXFileReference; fileEncoding = 4; lastKnownFileType = sourcecode.c.h; path = GustyAppKitFlurrySupport.h; sourceTree = "<group>"; };
		10738533DAACB490A3575300 /* IFAAbstractPagingContainerViewController.h */ = {isa = PBXFileReference; fileEncoding = 4; lastKnownFileType = sourcecode.c.h; path = IFAAbstractPagingContainerViewController.h; sourceTree = "<group>"; };
		1073853DD9190FBA45CDB5E0 /* IFAFlurrySupportUtils.h */ = {isa = PBXFileReference; fileEncoding = 4; lastKnownFileType = sourcecode.c.h; path = IFAFlurrySupportUtils.h; sourceTree = "<group>"; };
		107385622C290166B3049B28 /* README.textile */ = {isa = PBXFileReference; lastKnownFileType = file.textile; path = README.textile; sourceTree = "<group>"; };
		1073857148EBF3B517E57949 /* IFAApplicationDelegate.h */ = {isa = PBXFileReference; fileEncoding = 4; lastKnownFileType = sourcecode.c.h; path = IFAApplicationDelegate.h; sourceTree = "<group>"; };
		1073865A03AB6E71D1BE6F3B /* IFADynamicPagingContainerViewController.h */ = {isa = PBXFileReference; fileEncoding = 4; lastKnownFileType = sourcecode.c.h; path = IFADynamicPagingContainerViewController.h; sourceTree = "<group>"; };
		107386846E82728D5450FB39 /* IFA_Icon_Help_selected@2x.png */ = {isa = PBXFileReference; lastKnownFileType = image.png; path = "IFA_Icon_Help_selected@2x.png"; sourceTree = "<group>"; };
		107386CCD1D9BD838DF53382 /* IFAStaticPagingContainerViewController.h */ = {isa = PBXFileReference; fileEncoding = 4; lastKnownFileType = sourcecode.c.h; path = IFAStaticPagingContainerViewController.h; sourceTree = "<group>"; };
		1073874B2599AF4BCFAB3F71 /* HtmlParser_testdata4.html */ = {isa = PBXFileReference; fileEncoding = 4; lastKnownFileType = text.html; path = HtmlParser_testdata4.html; sourceTree = "<group>"; };
		1073879589174712523C707A /* UIViewController+IFAFlurrySupport.m */ = {isa = PBXFileReference; fileEncoding = 4; lastKnownFileType = sourcecode.c.objc; path = "UIViewController+IFAFlurrySupport.m"; sourceTree = "<group>"; };
		10738798E7EA78329F8991FE /* IFA_SVModalWebViewController.m */ = {isa = PBXFileReference; fileEncoding = 4; lastKnownFileType = sourcecode.c.objc; path = IFA_SVModalWebViewController.m; sourceTree = "<group>"; };
		107387B9A56C13C6683CC122 /* UIViewController+IFAHelp.h */ = {isa = PBXFileReference; fileEncoding = 4; lastKnownFileType = sourcecode.c.h; path = "UIViewController+IFAHelp.h"; sourceTree = "<group>"; };
		107387C106E4F15EB15A4AE0 /* IFAAppDefaultAppearanceTheme.m */ = {isa = PBXFileReference; fileEncoding = 4; lastKnownFileType = sourcecode.c.objc; path = IFAAppDefaultAppearanceTheme.m; sourceTree = "<group>"; };
		1073884DDE37489559EA1269 /* IFAUserNotificationSettingsManager.m */ = {isa = PBXFileReference; fileEncoding = 4; lastKnownFileType = sourcecode.c.objc; path = IFAUserNotificationSettingsManager.m; sourceTree = "<group>"; };
		10738885C588D47BDFC5EAFF /* UIButton+IFAHelp.m */ = {isa = PBXFileReference; fileEncoding = 4; lastKnownFileType = sourcecode.c.objc; path = "UIButton+IFAHelp.m"; sourceTree = "<group>"; };
		1073889A8D129062C889F904 /* IFAAppDefaultAppearanceTheme.h */ = {isa = PBXFileReference; fileEncoding = 4; lastKnownFileType = sourcecode.c.h; path = IFAAppDefaultAppearanceTheme.h; sourceTree = "<group>"; };
		107388B5F27D3E6543C81E68 /* IFAFlurrySupportUtils.m */ = {isa = PBXFileReference; fileEncoding = 4; lastKnownFileType = sourcecode.c.objc; path = IFAFlurrySupportUtils.m; sourceTree = "<group>"; };
		107388C5BC02A4C49ECDE285 /* IFADynamicPagingContainerViewController.m */ = {isa = PBXFileReference; fileEncoding = 4; lastKnownFileType = sourcecode.c.objc; path = IFADynamicPagingContainerViewController.m; sourceTree = "<group>"; };
		107388C9C300E255A88E3D1A /* IFAAppMapViewController.m */ = {isa = PBXFileReference; fileEncoding = 4; lastKnownFileType = sourcecode.c.objc; path = IFAAppMapViewController.m; sourceTree = "<group>"; };
		1073892B5F3B4472095ED33E /* IFA_Icon_Help_normal@2x.png */ = {isa = PBXFileReference; lastKnownFileType = image.png; path = "IFA_Icon_Help_normal@2x.png"; sourceTree = "<group>"; };
		1073893B0ECA6E73D8920E60 /* IFA_IBActionSheet.h */ = {isa = PBXFileReference; fileEncoding = 4; lastKnownFileType = sourcecode.c.h; path = IFA_IBActionSheet.h; sourceTree = "<group>"; };
		10738997702049B318F8E8FA /* UIButton+IFAHelp.h */ = {isa = PBXFileReference; fileEncoding = 4; lastKnownFileType = sourcecode.c.h; path = "UIButton+IFAHelp.h"; sourceTree = "<group>"; };
		107389EBFB2F9D2DE1031AED /* LICENSE.txt */ = {isa = PBXFileReference; fileEncoding = 4; lastKnownFileType = text; path = LICENSE.txt; sourceTree = "<group>"; };
		10738A6FD75C63F34DB33ABF /* IFAApplicationLogViewController.m */ = {isa = PBXFileReference; fileEncoding = 4; lastKnownFileType = sourcecode.c.objc; path = IFAApplicationLogViewController.m; sourceTree = "<group>"; };
		10738A8B23BDCF2041887621 /* internalWebBrowserActivity~iphone.png */ = {isa = PBXFileReference; lastKnownFileType = image.png; path = "internalWebBrowserActivity~iphone.png"; sourceTree = "<group>"; };
		10738A93879FAE4D301BCBC2 /* GustyAppKitGoogleMobileAdsSupport.h */ = {isa = PBXFileReference; fileEncoding = 4; lastKnownFileType = sourcecode.c.h; path = GustyAppKitGoogleMobileAdsSupport.h; sourceTree = "<group>"; };
		10738AE2F2C62259FBE50F30 /* IFA_IBActionSheet.m */ = {isa = PBXFileReference; fileEncoding = 4; lastKnownFileType = sourcecode.c.objc; path = IFA_IBActionSheet.m; sourceTree = "<group>"; };
		10738AEAEB515C41A96B3FA2 /* GustyAppKitHtml.h */ = {isa = PBXFileReference; fileEncoding = 4; lastKnownFileType = sourcecode.c.h; path = GustyAppKitHtml.h; sourceTree = "<group>"; };
		10738B36359B24DDB444D340 /* NSURL+IFACoreApp.h */ = {isa = PBXFileReference; fileEncoding = 4; lastKnownFileType = sourcecode.c.h; path = "NSURL+IFACoreApp.h"; sourceTree = "<group>"; };
		10738BE601B87FFDCA8AD691 /* IFA_SVWebViewController.m */ = {isa = PBXFileReference; fileEncoding = 4; lastKnownFileType = sourcecode.c.objc; path = IFA_SVWebViewController.m; sourceTree = "<group>"; };
		10738BFAF5BB58FC3AD56AFD /* IFAApplicationLog.h */ = {isa = PBXFileReference; fileEncoding = 4; lastKnownFileType = sourcecode.c.h; path = IFAApplicationLog.h; sourceTree = "<group>"; };
		10738C29B17B27D2C156652F /* IFA_SVWebViewController.h */ = {isa = PBXFileReference; fileEncoding = 4; lastKnownFileType = sourcecode.c.h; path = IFA_SVWebViewController.h; sourceTree = "<group>"; };
		10738C46C1B4CC6E664D45AE /* internalWebBrowserActivity~ipad.png */ = {isa = PBXFileReference; lastKnownFileType = image.png; path = "internalWebBrowserActivity~ipad.png"; sourceTree = "<group>"; };
		10738C9801E5F801C10E2878 /* IFAWebViewController.h */ = {isa = PBXFileReference; fileEncoding = 4; lastKnownFileType = sourcecode.c.h; path = IFAWebViewController.h; sourceTree = "<group>"; };
		10738CDC419B24B89BB35772 /* IFA_SVModalWebViewController.h */ = {isa = PBXFileReference; fileEncoding = 4; lastKnownFileType = sourcecode.c.h; path = IFA_SVModalWebViewController.h; sourceTree = "<group>"; };
		10738CF2D8248BEA956DA692 /* GustyAppKitHelp.h */ = {isa = PBXFileReference; fileEncoding = 4; lastKnownFileType = sourcecode.c.h; path = GustyAppKitHelp.h; sourceTree = "<group>"; };
		10738CF5078176436AA71336 /* LICENSE */ = {isa = PBXFileReference; fileEncoding = 4; lastKnownFileType = text; name = LICENSE; path = ../LICENSE; sourceTree = "<group>"; };
		10738CFB2AE9503F94CD5C68 /* IFAAbstractPagingContainerViewController.m */ = {isa = PBXFileReference; fileEncoding = 4; lastKnownFileType = sourcecode.c.objc; path = IFAAbstractPagingContainerViewController.m; sourceTree = "<group>"; };
		10738D4040E8E5C61A075FF1 /* IFAApplicationLog.m */ = {isa = PBXFileReference; fileEncoding = 4; lastKnownFileType = sourcecode.c.objc; path = IFAApplicationLog.m; sourceTree = "<group>"; };
		10738D4EA54BA1D6B08CC253 /* internalWebBrowserActivity@2x~ipad.png */ = {isa = PBXFileReference; lastKnownFileType = image.png; path = "internalWebBrowserActivity@2x~ipad.png"; sourceTree = "<group>"; };
		10738D7FCA2AAA201E7B5DD7 /* IFAAppMapViewController.h */ = {isa = PBXFileReference; fileEncoding = 4; lastKnownFileType = sourcecode.c.h; path = IFAAppMapViewController.h; sourceTree = "<group>"; };
		10738DC6867E204AED0143E7 /* IFAApplicationDelegate.m */ = {isa = PBXFileReference; fileEncoding = 4; lastKnownFileType = sourcecode.c.objc; path = IFAApplicationDelegate.m; sourceTree = "<group>"; };
		10738EB608A819CD0E52DBD4 /* IFAApplicationLogViewController.h */ = {isa = PBXFileReference; fileEncoding = 4; lastKnownFileType = sourcecode.c.h; path = IFAApplicationLogViewController.h; sourceTree = "<group>"; };
		10738EDD7A5F33CF2F16AFCB /* IFAExternalWebBrowserActivity.m */ = {isa = PBXFileReference; fileEncoding = 4; lastKnownFileType = sourcecode.c.objc; path = IFAExternalWebBrowserActivity.m; sourceTree = "<group>"; };
		10738EE5396DAC670BC667C0 /* IFAUIUtils+IFACoreApp.h */ = {isa = PBXFileReference; fileEncoding = 4; lastKnownFileType = sourcecode.c.h; path = "IFAUIUtils+IFACoreApp.h"; sourceTree = "<group>"; };
		10738F2D9D513C3666E14594 /* IFAHelpTarget.h */ = {isa = PBXFileReference; fileEncoding = 4; lastKnownFileType = sourcecode.c.h; path = IFAHelpTarget.h; sourceTree = "<group>"; };
		10738F516E06EC55A0C28C21 /* IFAUIUtils+IFACoreApp.m */ = {isa = PBXFileReference; fileEncoding = 4; lastKnownFileType = sourcecode.c.objc; path = "IFAUIUtils+IFACoreApp.m"; sourceTree = "<group>"; };
		10738F9A731202F736AB8388 /* NSURL+IFACoreApp.m */ = {isa = PBXFileReference; fileEncoding = 4; lastKnownFileType = sourcecode.c.objc; path = "NSURL+IFACoreApp.m"; sourceTree = "<group>"; };
		10738FB148F906EB6B5C16D3 /* IFAMasterDetailViewController.m */ = {isa = PBXFileReference; fileEncoding = 4; lastKnownFileType = sourcecode.c.objc; path = IFAMasterDetailViewController.m; sourceTree = "<group>"; };
		352117ED3BF7029F2C540646 /* Pods.debug.xcconfig */ = {isa = PBXFileReference; includeInIndex = 1; lastKnownFileType = text.xcconfig; name = Pods.debug.xcconfig; path = "../Pods/Target Support Files/Pods/Pods.debug.xcconfig"; sourceTree = "<group>"; };
		80ECA84BFE535AB4430F53A7 /* Pods.release.xcconfig */ = {isa = PBXFileReference; includeInIndex = 1; lastKnownFileType = text.xcconfig; name = Pods.release.xcconfig; path = "../Pods/Target Support Files/Pods/Pods.release.xcconfig"; sourceTree = "<group>"; };
		B8B28A2EAE96F7FDB7DD2582 /* libPods.a */ = {isa = PBXFileReference; explicitFileType = archive.ar; includeInIndex = 0; path = libPods.a; sourceTree = BUILT_PRODUCTS_DIR; };
		F72E8FA3194E446C00CFB3B1 /* IFAHtmlParser.h */ = {isa = PBXFileReference; fileEncoding = 4; lastKnownFileType = sourcecode.c.h; path = IFAHtmlParser.h; sourceTree = "<group>"; };
		F72E8FA4194E446C00CFB3B1 /* IFAHtmlParser.m */ = {isa = PBXFileReference; fileEncoding = 4; lastKnownFileType = sourcecode.c.objc; path = IFAHtmlParser.m; sourceTree = "<group>"; };
		F72E8FAB194E447A00CFB3B1 /* IFAHtmlParserTests.m */ = {isa = PBXFileReference; fileEncoding = 4; lastKnownFileType = sourcecode.c.objc; path = IFAHtmlParserTests.m; sourceTree = "<group>"; };
		F72E8FAD194E447A00CFB3B1 /* HtmlParser_testdata1.html */ = {isa = PBXFileReference; fileEncoding = 4; lastKnownFileType = text.html; path = HtmlParser_testdata1.html; sourceTree = "<group>"; };
		F72E8FAE194E447A00CFB3B1 /* HtmlParser_testdata2.html */ = {isa = PBXFileReference; fileEncoding = 4; lastKnownFileType = text.html; path = HtmlParser_testdata2.html; sourceTree = "<group>"; };
		F72E8FAF194E447A00CFB3B1 /* HtmlParser_testdata3.html */ = {isa = PBXFileReference; fileEncoding = 4; lastKnownFileType = text.html; path = HtmlParser_testdata3.html; sourceTree = "<group>"; };
		F72E901E1952F02400CFB3B1 /* IFAHelpViewControllerWebView.css */ = {isa = PBXFileReference; fileEncoding = 4; lastKnownFileType = text.css; path = IFAHelpViewControllerWebView.css; sourceTree = "<group>"; };
		F72E90201952F03100CFB3B1 /* IFAHelpManager.h */ = {isa = PBXFileReference; fileEncoding = 4; lastKnownFileType = sourcecode.c.h; path = IFAHelpManager.h; sourceTree = "<group>"; };
		F72E90211952F03100CFB3B1 /* IFAHelpManager.m */ = {isa = PBXFileReference; fileEncoding = 4; lastKnownFileType = sourcecode.c.objc; path = IFAHelpManager.m; sourceTree = "<group>"; };
		F7446BD119085FA9008345FA /* GustyAppKit.podspec */ = {isa = PBXFileReference; fileEncoding = 4; lastKnownFileType = file.podspec; name = GustyAppKit.podspec; path = ../GustyAppKit.podspec; sourceTree = "<group>"; };
		F766D33D18ECA71000B3B590 /* CoreLocation.framework */ = {isa = PBXFileReference; lastKnownFileType = wrapper.framework; name = CoreLocation.framework; path = System/Library/Frameworks/CoreLocation.framework; sourceTree = SDKROOT; };
		F766D34018ECADCE00B3B590 /* GLKit.framework */ = {isa = PBXFileReference; lastKnownFileType = wrapper.framework; name = GLKit.framework; path = System/Library/Frameworks/GLKit.framework; sourceTree = SDKROOT; };
		F7C806111AE8C0EF0097280C /* GustyAppKit.h */ = {isa = PBXFileReference; fileEncoding = 4; lastKnownFileType = sourcecode.c.h; path = GustyAppKit.h; sourceTree = "<group>"; };
		F7C806121AE8C0EF0097280C /* GustyAppKitCoreApp.h */ = {isa = PBXFileReference; fileEncoding = 4; lastKnownFileType = sourcecode.c.h; path = GustyAppKitCoreApp.h; sourceTree = "<group>"; };
		F7C806131AE8C1FE0097280C /* IFAInternalWebBrowserActivity.h */ = {isa = PBXFileReference; fileEncoding = 4; lastKnownFileType = sourcecode.c.h; path = IFAInternalWebBrowserActivity.h; sourceTree = "<group>"; };
		F7C806141AE8C1FE0097280C /* IFAInternalWebBrowserActivity.m */ = {isa = PBXFileReference; fileEncoding = 4; lastKnownFileType = sourcecode.c.objc; path = IFAInternalWebBrowserActivity.m; sourceTree = "<group>"; };
		F7C806151AE8C1FE0097280C /* IFAInternalWebBrowserViewController.h */ = {isa = PBXFileReference; fileEncoding = 4; lastKnownFileType = sourcecode.c.h; path = IFAInternalWebBrowserViewController.h; sourceTree = "<group>"; };
		F7C806161AE8C1FE0097280C /* IFAInternalWebBrowserViewController.m */ = {isa = PBXFileReference; fileEncoding = 4; lastKnownFileType = sourcecode.c.objc; path = IFAInternalWebBrowserViewController.m; sourceTree = "<group>"; };
		F7C8061C1AE8C50B0097280C /* IFASplitViewController.h */ = {isa = PBXFileReference; fileEncoding = 4; lastKnownFileType = sourcecode.c.h; path = IFASplitViewController.h; sourceTree = "<group>"; };
		F7C8061D1AE8C50B0097280C /* IFASplitViewController.m */ = {isa = PBXFileReference; fileEncoding = 4; lastKnownFileType = sourcecode.c.objc; path = IFASplitViewController.m; sourceTree = "<group>"; };
		F7C806391AE9997B0097280C /* IFASlidingViewController.h */ = {isa = PBXFileReference; fileEncoding = 4; lastKnownFileType = sourcecode.c.h; path = IFASlidingViewController.h; sourceTree = "<group>"; };
		F7C8063A1AE9997B0097280C /* IFASlidingViewController.m */ = {isa = PBXFileReference; fileEncoding = 4; lastKnownFileType = sourcecode.c.objc; path = IFASlidingViewController.m; sourceTree = "<group>"; };
		F7C8063D1AE9998B0097280C /* IFA_ECSlidingViewController.h */ = {isa = PBXFileReference; fileEncoding = 4; lastKnownFileType = sourcecode.c.h; path = IFA_ECSlidingViewController.h; sourceTree = "<group>"; };
		F7C8063E1AE9998B0097280C /* IFA_ECSlidingViewController.m */ = {isa = PBXFileReference; fileEncoding = 4; lastKnownFileType = sourcecode.c.objc; path = IFA_ECSlidingViewController.m; sourceTree = "<group>"; };
		F7C8063F1AE9998B0097280C /* README.md */ = {isa = PBXFileReference; fileEncoding = 4; lastKnownFileType = net.daringfireball.markdown; path = README.md; sourceTree = "<group>"; };
		F7C806401AE9998B0097280C /* UIImage+IFA_ECImageWithUIView.h */ = {isa = PBXFileReference; fileEncoding = 4; lastKnownFileType = sourcecode.c.h; path = "UIImage+IFA_ECImageWithUIView.h"; sourceTree = "<group>"; };
		F7C806411AE9998B0097280C /* UIImage+IFA_ECImageWithUIView.m */ = {isa = PBXFileReference; fileEncoding = 4; lastKnownFileType = sourcecode.c.objc; path = "UIImage+IFA_ECImageWithUIView.m"; sourceTree = "<group>"; };
		F7C806481AE9DB5F0097280C /* IFAThirdPartyCodeCreditsViewController.h */ = {isa = PBXFileReference; fileEncoding = 4; lastKnownFileType = sourcecode.c.h; path = IFAThirdPartyCodeCreditsViewController.h; sourceTree = "<group>"; };
		F7C806491AE9DB5F0097280C /* IFAThirdPartyCodeCreditsViewController.m */ = {isa = PBXFileReference; fileEncoding = 4; lastKnownFileType = sourcecode.c.objc; path = IFAThirdPartyCodeCreditsViewController.m; sourceTree = "<group>"; };
		F7C8064B1AE9E3540097280C /* IFAAboutCustomView.xib */ = {isa = PBXFileReference; fileEncoding = 4; lastKnownFileType = file.xib; path = IFAAboutCustomView.xib; sourceTree = "<group>"; };
		F7C8064C1AE9E3690097280C /* IFAAboutFormViewController.m */ = {isa = PBXFileReference; fileEncoding = 4; lastKnownFileType = sourcecode.c.objc; path = IFAAboutFormViewController.m; sourceTree = "<group>"; };
		F7C8064D1AE9E3690097280C /* IFAAboutViewController.h */ = {isa = PBXFileReference; fileEncoding = 4; lastKnownFileType = sourcecode.c.h; path = IFAAboutViewController.h; sourceTree = "<group>"; };
		F7C8064E1AE9E3690097280C /* IFAAboutViewController.m */ = {isa = PBXFileReference; fileEncoding = 4; lastKnownFileType = sourcecode.c.objc; path = IFAAboutViewController.m; sourceTree = "<group>"; };
		F7C8064F1AE9E3690097280C /* IFAAboutInfoModel.m */ = {isa = PBXFileReference; fileEncoding = 4; lastKnownFileType = sourcecode.c.objc; path = IFAAboutInfoModel.m; sourceTree = "<group>"; };
		F7C806501AE9E3690097280C /* IFAAboutFormViewController.h */ = {isa = PBXFileReference; fileEncoding = 4; lastKnownFileType = sourcecode.c.h; path = IFAAboutFormViewController.h; sourceTree = "<group>"; };
		F7C806511AE9E3690097280C /* IFAAboutInfoModel.h */ = {isa = PBXFileReference; fileEncoding = 4; lastKnownFileType = sourcecode.c.h; path = IFAAboutInfoModel.h; sourceTree = "<group>"; };
		F7C806551AE9FA560097280C /* IFAPreferencesFormViewController.h */ = {isa = PBXFileReference; fileEncoding = 4; lastKnownFileType = sourcecode.c.h; path = IFAPreferencesFormViewController.h; sourceTree = "<group>"; };
		F7C806561AE9FA560097280C /* IFAPreferencesFormViewController.m */ = {isa = PBXFileReference; fileEncoding = 4; lastKnownFileType = sourcecode.c.objc; path = IFAPreferencesFormViewController.m; sourceTree = "<group>"; };
		F7C806581AE9FAFA0097280C /* IFAAbstractWebBrowserActivity.h */ = {isa = PBXFileReference; fileEncoding = 4; lastKnownFileType = sourcecode.c.h; path = IFAAbstractWebBrowserActivity.h; sourceTree = "<group>"; };
		F7C806591AE9FAFA0097280C /* IFAAbstractWebBrowserActivity.m */ = {isa = PBXFileReference; fileEncoding = 4; lastKnownFileType = sourcecode.c.objc; path = IFAAbstractWebBrowserActivity.m; sourceTree = "<group>"; };
		F7D4D83318EA00E600ABF401 /* libGustyAppKit.a */ = {isa = PBXFileReference; explicitFileType = archive.ar; includeInIndex = 0; path = libGustyAppKit.a; sourceTree = BUILT_PRODUCTS_DIR; };
		F7D4D83618EA00E600ABF401 /* Foundation.framework */ = {isa = PBXFileReference; lastKnownFileType = wrapper.framework; name = Foundation.framework; path = System/Library/Frameworks/Foundation.framework; sourceTree = SDKROOT; };
		F7D4D83A18EA00E600ABF401 /* GustyAppKit-Prefix.pch */ = {isa = PBXFileReference; lastKnownFileType = sourcecode.c.h; path = "GustyAppKit-Prefix.pch"; sourceTree = "<group>"; };
		F7D4D84318EA00E600ABF401 /* GustyAppKitTests.xctest */ = {isa = PBXFileReference; explicitFileType = wrapper.cfbundle; includeInIndex = 0; path = GustyAppKitTests.xctest; sourceTree = BUILT_PRODUCTS_DIR; };
		F7D4D84418EA00E600ABF401 /* XCTest.framework */ = {isa = PBXFileReference; lastKnownFileType = wrapper.framework; name = XCTest.framework; path = Library/Frameworks/XCTest.framework; sourceTree = DEVELOPER_DIR; };
		F7D4D84718EA00E600ABF401 /* UIKit.framework */ = {isa = PBXFileReference; lastKnownFileType = wrapper.framework; name = UIKit.framework; path = Library/Frameworks/UIKit.framework; sourceTree = DEVELOPER_DIR; };
		F7D4D84E18EA00E600ABF401 /* GustyAppKitTests-Info.plist */ = {isa = PBXFileReference; lastKnownFileType = text.plist.xml; path = "GustyAppKitTests-Info.plist"; sourceTree = "<group>"; };
		F7D4D85018EA00E600ABF401 /* en */ = {isa = PBXFileReference; lastKnownFileType = text.plist.strings; name = en; path = en.lproj/InfoPlist.strings; sourceTree = "<group>"; };
		F7D4DBED18EA11E100ABF401 /* MapKit.framework */ = {isa = PBXFileReference; lastKnownFileType = wrapper.framework; name = MapKit.framework; path = System/Library/Frameworks/MapKit.framework; sourceTree = SDKROOT; };
		F7F1805019D35FDD00BFB8B6 /* IFAHelpViewController.h */ = {isa = PBXFileReference; fileEncoding = 4; lastKnownFileType = sourcecode.c.h; path = IFAHelpViewController.h; sourceTree = "<group>"; };
		F7F1805119D35FDD00BFB8B6 /* IFAHelpViewController.m */ = {isa = PBXFileReference; fileEncoding = 4; lastKnownFileType = sourcecode.c.objc; path = IFAHelpViewController.m; sourceTree = "<group>"; };
		F7F1805219D35FDD00BFB8B6 /* IFAHelpContentViewController.h */ = {isa = PBXFileReference; fileEncoding = 4; lastKnownFileType = sourcecode.c.h; path = IFAHelpContentViewController.h; sourceTree = "<group>"; };
		F7F1805319D35FDD00BFB8B6 /* IFAHelpContentViewController.m */ = {isa = PBXFileReference; fileEncoding = 4; lastKnownFileType = sourcecode.c.objc; path = IFAHelpContentViewController.m; sourceTree = "<group>"; };
/* End PBXFileReference section */

/* Begin PBXFrameworksBuildPhase section */
		F7D4D83018EA00E600ABF401 /* Frameworks */ = {
			isa = PBXFrameworksBuildPhase;
			buildActionMask = 2147483647;
			files = (
				F766D34118ECADCE00B3B590 /* GLKit.framework in Frameworks */,
				F766D33F18ECA7D700B3B590 /* MapKit.framework in Frameworks */,
				F766D33E18ECA71000B3B590 /* CoreLocation.framework in Frameworks */,
				F7D4D83718EA00E600ABF401 /* Foundation.framework in Frameworks */,
			);
			runOnlyForDeploymentPostprocessing = 0;
		};
		F7D4D84018EA00E600ABF401 /* Frameworks */ = {
			isa = PBXFrameworksBuildPhase;
			buildActionMask = 2147483647;
			files = (
				F7D4D84518EA00E600ABF401 /* XCTest.framework in Frameworks */,
				F7D4D84818EA00E600ABF401 /* UIKit.framework in Frameworks */,
				F7D4D84B18EA00E600ABF401 /* libGustyAppKit.a in Frameworks */,
				F7D4D84618EA00E600ABF401 /* Foundation.framework in Frameworks */,
				9BFB96E350393FBBA7D426CC /* libPods.a in Frameworks */,
			);
			runOnlyForDeploymentPostprocessing = 0;
		};
/* End PBXFrameworksBuildPhase section */

/* Begin PBXGroup section */
		107380E3D8D576926E59D14D /* iconshock.com */ = {
			isa = PBXGroup;
			children = (
				10738C46C1B4CC6E664D45AE /* internalWebBrowserActivity~ipad.png */,
				10738A8B23BDCF2041887621 /* internalWebBrowserActivity~iphone.png */,
				10738D4EA54BA1D6B08CC253 /* internalWebBrowserActivity@2x~ipad.png */,
				107380C8C2CE716DAC3FD160 /* internalWebBrowserActivity@2x~iphone.png */,
			);
			path = iconshock.com;
			sourceTree = "<group>";
		};
		107382515B81AEC12C874C64 /* classes */ = {
			isa = PBXGroup;
			children = (
				1073853DD9190FBA45CDB5E0 /* IFAFlurrySupportUtils.h */,
				107388B5F27D3E6543C81E68 /* IFAFlurrySupportUtils.m */,
				1073879589174712523C707A /* UIViewController+IFAFlurrySupport.m */,
				107384770B292D4B012F7FAB /* UIViewController+IFAFlurrySupport.h */,
				107384F8C47CEB2B0326E584 /* GustyAppKitFlurrySupport.h */,
			);
			path = classes;
			sourceTree = "<group>";
		};
		10738265FBA31FFCC33CE9A1 /* classes */ = {
			isa = PBXGroup;
			children = (
				1073804D2F71DE536C2DB9F8 /* IFAGoogleMobileAdsManager.m */,
				1073842D07E1E5877EB0EA68 /* UIViewController+IFAGoogleMobileAdsSupport.h */,
				1073820FF6F4F78E544C77BE /* IFAGoogleMobileAdsManager.h */,
				107383B8ABDCE2409B584D58 /* UIViewController+IFAGoogleMobileAdsSupport.m */,
				10738A93879FAE4D301BCBC2 /* GustyAppKitGoogleMobileAdsSupport.h */,
			);
			path = classes;
			sourceTree = "<group>";
		};
		1073850B7EDE493EEB8BF46C /* classes */ = {
			isa = PBXGroup;
			children = (
				107380E324462A3239AB0ABD /* IFAUserNotificationSettingsManagerTests.m */,
			);
			path = classes;
			sourceTree = "<group>";
		};
		107385D48F6524887560CC29 /* CoreApp */ = {
			isa = PBXGroup;
			children = (
				10738C2A22D93DFD04E317C2 /* classes */,
				10738B91877ADA34463D8CB4 /* resources */,
			);
			path = CoreApp;
			sourceTree = "<group>";
		};
		1073862EBE4810BF4F6FB737 /* 3rd party */ = {
			isa = PBXGroup;
			children = (
				F7C8063C1AE9998B0097280C /* ECSlidingViewController */,
				10738A2484A4731FF5647213 /* SVWebViewController */,
				10738EA509CB281300FD771C /* IBActionSheet */,
			);
			path = "3rd party";
			sourceTree = "<group>";
		};
		107386315DAD200329F81A46 /* SVWebViewController */ = {
			isa = PBXGroup;
			children = (
				1073845365554DCC4B99FDD8 /* SVWebViewController.bundle */,
			);
			path = SVWebViewController;
			sourceTree = "<group>";
		};
		107387B7075E6AB701529964 /* 3rd party */ = {
			isa = PBXGroup;
			children = (
				107386315DAD200329F81A46 /* SVWebViewController */,
				107380E3D8D576926E59D14D /* iconshock.com */,
			);
			path = "3rd party";
			sourceTree = "<group>";
		};
		107389D4098AC8681B3FF2EA /* FlurrySupport */ = {
			isa = PBXGroup;
			children = (
				107382515B81AEC12C874C64 /* classes */,
			);
			path = FlurrySupport;
			sourceTree = "<group>";
		};
		10738A2484A4731FF5647213 /* SVWebViewController */ = {
			isa = PBXGroup;
			children = (
				10738CDC419B24B89BB35772 /* IFA_SVModalWebViewController.h */,
				10738798E7EA78329F8991FE /* IFA_SVModalWebViewController.m */,
				10738C29B17B27D2C156652F /* IFA_SVWebViewController.h */,
				10738BE601B87FFDCA8AD691 /* IFA_SVWebViewController.m */,
				107389EBFB2F9D2DE1031AED /* LICENSE.txt */,
				107385622C290166B3049B28 /* README.textile */,
			);
			path = SVWebViewController;
			sourceTree = "<group>";
		};
		10738B91877ADA34463D8CB4 /* resources */ = {
			isa = PBXGroup;
			children = (
				107387B7075E6AB701529964 /* 3rd party */,
				F7C8064B1AE9E3540097280C /* IFAAboutCustomView.xib */,
			);
			path = resources;
			sourceTree = "<group>";
		};
		10738BFB6240009F8DE2D221 /* CoreUI */ = {
			isa = PBXGroup;
			children = (
				1073850B7EDE493EEB8BF46C /* classes */,
				10738E88FDE7885EFB0F2739 /* resources */,
			);
			name = CoreUI;
			path = Core;
			sourceTree = "<group>";
		};
		10738C2A22D93DFD04E317C2 /* classes */ = {
			isa = PBXGroup;
			children = (
				1073862EBE4810BF4F6FB737 /* 3rd party */,
				F7C806581AE9FAFA0097280C /* IFAAbstractWebBrowserActivity.h */,
				F7C806591AE9FAFA0097280C /* IFAAbstractWebBrowserActivity.m */,
				F7C806551AE9FA560097280C /* IFAPreferencesFormViewController.h */,
				F7C806561AE9FA560097280C /* IFAPreferencesFormViewController.m */,
				F7C8064C1AE9E3690097280C /* IFAAboutFormViewController.m */,
				F7C8064D1AE9E3690097280C /* IFAAboutViewController.h */,
				F7C8064E1AE9E3690097280C /* IFAAboutViewController.m */,
				F7C8064F1AE9E3690097280C /* IFAAboutInfoModel.m */,
				F7C806501AE9E3690097280C /* IFAAboutFormViewController.h */,
				F7C806511AE9E3690097280C /* IFAAboutInfoModel.h */,
				F7C806481AE9DB5F0097280C /* IFAThirdPartyCodeCreditsViewController.h */,
				F7C806491AE9DB5F0097280C /* IFAThirdPartyCodeCreditsViewController.m */,
				F7C806391AE9997B0097280C /* IFASlidingViewController.h */,
				F7C8063A1AE9997B0097280C /* IFASlidingViewController.m */,
				F7C8061C1AE8C50B0097280C /* IFASplitViewController.h */,
				F7C8061D1AE8C50B0097280C /* IFASplitViewController.m */,
				F7C806131AE8C1FE0097280C /* IFAInternalWebBrowserActivity.h */,
				F7C806141AE8C1FE0097280C /* IFAInternalWebBrowserActivity.m */,
				F7C806151AE8C1FE0097280C /* IFAInternalWebBrowserViewController.h */,
				F7C806161AE8C1FE0097280C /* IFAInternalWebBrowserViewController.m */,
				F7C806111AE8C0EF0097280C /* GustyAppKit.h */,
				F7C806121AE8C0EF0097280C /* GustyAppKitCoreApp.h */,
				10738DC6867E204AED0143E7 /* IFAApplicationDelegate.m */,
				1073857148EBF3B517E57949 /* IFAApplicationDelegate.h */,
				1073884DDE37489559EA1269 /* IFAUserNotificationSettingsManager.m */,
				1073834B8A053E54A0269491 /* IFAUserNotificationSettingsManager.h */,
				10738F9A731202F736AB8388 /* NSURL+IFACoreApp.m */,
				10738B36359B24DDB444D340 /* NSURL+IFACoreApp.h */,
				10738333EDAEA45A64915F4D /* UIViewController+IFACoreApp.m */,
				1073838656DB04F09675E62C /* UIViewController+IFACoreApp.h */,
				10738EDD7A5F33CF2F16AFCB /* IFAExternalWebBrowserActivity.m */,
				1073809B6A3A94F5A3CEC3C8 /* IFAExternalWebBrowserActivity.h */,
				10738F516E06EC55A0C28C21 /* IFAUIUtils+IFACoreApp.m */,
				10738EE5396DAC670BC667C0 /* IFAUIUtils+IFACoreApp.h */,
				107387C106E4F15EB15A4AE0 /* IFAAppDefaultAppearanceTheme.m */,
				1073889A8D129062C889F904 /* IFAAppDefaultAppearanceTheme.h */,
				10738FB148F906EB6B5C16D3 /* IFAMasterDetailViewController.m */,
				107384D178AA2059D61AC9F0 /* IFAMasterDetailViewController.h */,
				107386CCD1D9BD838DF53382 /* IFAStaticPagingContainerViewController.h */,
				10738CFB2AE9503F94CD5C68 /* IFAAbstractPagingContainerViewController.m */,
				107388C5BC02A4C49ECDE285 /* IFADynamicPagingContainerViewController.m */,
				107381324E3281C084131DDD /* IFAStaticPagingContainerViewController.m */,
				1073817EB21F845CA0466DD8 /* IFADynamicPagingContainerViewControllerDataSource.h */,
				1073865A03AB6E71D1BE6F3B /* IFADynamicPagingContainerViewController.h */,
				10738533DAACB490A3575300 /* IFAAbstractPagingContainerViewController.h */,
				10738EB608A819CD0E52DBD4 /* IFAApplicationLogViewController.h */,
				10738D4040E8E5C61A075FF1 /* IFAApplicationLog.m */,
				107382B78556C31C379C2E8D /* IFAApplicationLog+IFACoreApp.m */,
				10738BFAF5BB58FC3AD56AFD /* IFAApplicationLog.h */,
				10738A6FD75C63F34DB33ABF /* IFAApplicationLogViewController.m */,
				107384F67D90CEDAD025BE5D /* IFAApplicationLog+IFACoreApp.h */,
				107388C9C300E255A88E3D1A /* IFAAppMapViewController.m */,
				10738D7FCA2AAA201E7B5DD7 /* IFAAppMapViewController.h */,
			);
			path = classes;
			sourceTree = "<group>";
		};
		10738CCDA4AD218A93898A1B /* GoogleMobileAdsSupport */ = {
			isa = PBXGroup;
			children = (
				10738265FBA31FFCC33CE9A1 /* classes */,
			);
			path = GoogleMobileAdsSupport;
			sourceTree = "<group>";
		};
		10738E88FDE7885EFB0F2739 /* resources */ = {
			isa = PBXGroup;
			children = (
			);
			path = resources;
			sourceTree = "<group>";
		};
		10738EA509CB281300FD771C /* IBActionSheet */ = {
			isa = PBXGroup;
			children = (
				1073893B0ECA6E73D8920E60 /* IFA_IBActionSheet.h */,
				10738AE2F2C62259FBE50F30 /* IFA_IBActionSheet.m */,
			);
			path = IBActionSheet;
			sourceTree = "<group>";
		};
		3ED7677877DB08D701AE7C2B /* Pods */ = {
			isa = PBXGroup;
			children = (
				352117ED3BF7029F2C540646 /* Pods.debug.xcconfig */,
				80ECA84BFE535AB4430F53A7 /* Pods.release.xcconfig */,
			);
			name = Pods;
			sourceTree = "<group>";
		};
		F72E8F9F194E446C00CFB3B1 /* Html */ = {
			isa = PBXGroup;
			children = (
				F72E8FA0194E446C00CFB3B1 /* classes */,
			);
			path = Html;
			sourceTree = "<group>";
		};
		F72E8FA0194E446C00CFB3B1 /* classes */ = {
			isa = PBXGroup;
			children = (
				F72E8FA3194E446C00CFB3B1 /* IFAHtmlParser.h */,
				F72E8FA4194E446C00CFB3B1 /* IFAHtmlParser.m */,
				1073827C44EE86F9C8C88B9E /* IFAWebViewController.m */,
				10738C9801E5F801C10E2878 /* IFAWebViewController.h */,
				10738AEAEB515C41A96B3FA2 /* GustyAppKitHtml.h */,
			);
			path = classes;
			sourceTree = "<group>";
		};
		F72E8FA9194E447A00CFB3B1 /* Html */ = {
			isa = PBXGroup;
			children = (
				F72E8FAA194E447A00CFB3B1 /* classes */,
				F72E8FAC194E447A00CFB3B1 /* testdata */,
			);
			path = Html;
			sourceTree = "<group>";
		};
		F72E8FAA194E447A00CFB3B1 /* classes */ = {
			isa = PBXGroup;
			children = (
				F72E8FAB194E447A00CFB3B1 /* IFAHtmlParserTests.m */,
			);
			path = classes;
			sourceTree = "<group>";
		};
		F72E8FAC194E447A00CFB3B1 /* testdata */ = {
			isa = PBXGroup;
			children = (
				F72E8FAD194E447A00CFB3B1 /* HtmlParser_testdata1.html */,
				F72E8FAE194E447A00CFB3B1 /* HtmlParser_testdata2.html */,
				F72E8FAF194E447A00CFB3B1 /* HtmlParser_testdata3.html */,
				1073874B2599AF4BCFAB3F71 /* HtmlParser_testdata4.html */,
			);
			path = testdata;
			sourceTree = "<group>";
		};
		F72E901A1952CC8500CFB3B1 /* Help */ = {
			isa = PBXGroup;
			children = (
				F72E901C1952F02400CFB3B1 /* resources */,
				F72E901B1952CC8500CFB3B1 /* classes */,
			);
			path = Help;
			sourceTree = "<group>";
		};
		F72E901B1952CC8500CFB3B1 /* classes */ = {
			isa = PBXGroup;
			children = (
				F7F1805019D35FDD00BFB8B6 /* IFAHelpViewController.h */,
				F7F1805119D35FDD00BFB8B6 /* IFAHelpViewController.m */,
				F7F1805219D35FDD00BFB8B6 /* IFAHelpContentViewController.h */,
				F7F1805319D35FDD00BFB8B6 /* IFAHelpContentViewController.m */,
				F72E90201952F03100CFB3B1 /* IFAHelpManager.h */,
				F72E90211952F03100CFB3B1 /* IFAHelpManager.m */,
				10738885C588D47BDFC5EAFF /* UIButton+IFAHelp.m */,
				10738997702049B318F8E8FA /* UIButton+IFAHelp.h */,
				10738CF2D8248BEA956DA692 /* GustyAppKitHelp.h */,
				107387B9A56C13C6683CC122 /* UIViewController+IFAHelp.h */,
				1073835B7F7D30DF49702F3B /* UIViewController+IFAHelp.m */,
				10738F2D9D513C3666E14594 /* IFAHelpTarget.h */,
			);
			path = classes;
			sourceTree = "<group>";
		};
		F72E901C1952F02400CFB3B1 /* resources */ = {
			isa = PBXGroup;
			children = (
				F72E901E1952F02400CFB3B1 /* IFAHelpViewControllerWebView.css */,
				1073802A253FC9F8739AEBBE /* IFA_Icon_Help_selected.png */,
				1073892B5F3B4472095ED33E /* IFA_Icon_Help_normal@2x.png */,
				107384560C88DE84661DDB98 /* IFA_Icon_Help_normal.png */,
				107386846E82728D5450FB39 /* IFA_Icon_Help_selected@2x.png */,
			);
			path = resources;
			sourceTree = "<group>";
		};
		F7C8063C1AE9998B0097280C /* ECSlidingViewController */ = {
			isa = PBXGroup;
			children = (
				F7C8063D1AE9998B0097280C /* IFA_ECSlidingViewController.h */,
				F7C8063E1AE9998B0097280C /* IFA_ECSlidingViewController.m */,
				F7C8063F1AE9998B0097280C /* README.md */,
				F7C806401AE9998B0097280C /* UIImage+IFA_ECImageWithUIView.h */,
				F7C806411AE9998B0097280C /* UIImage+IFA_ECImageWithUIView.m */,
			);
			path = ECSlidingViewController;
			sourceTree = "<group>";
		};
		F7D4D82A18EA00E600ABF401 = {
			isa = PBXGroup;
			children = (
				F7D4D83818EA00E600ABF401 /* GustyAppKit */,
				F7D4D84C18EA00E600ABF401 /* GustyAppKitTests */,
				F7D4D83518EA00E600ABF401 /* Frameworks */,
				F7D4D83418EA00E600ABF401 /* Products */,
				F7446BD119085FA9008345FA /* GustyAppKit.podspec */,
				10738CF5078176436AA71336 /* LICENSE */,
				3ED7677877DB08D701AE7C2B /* Pods */,
			);
			sourceTree = "<group>";
		};
		F7D4D83418EA00E600ABF401 /* Products */ = {
			isa = PBXGroup;
			children = (
				F7D4D83318EA00E600ABF401 /* libGustyAppKit.a */,
				F7D4D84318EA00E600ABF401 /* GustyAppKitTests.xctest */,
			);
			name = Products;
			sourceTree = "<group>";
		};
		F7D4D83518EA00E600ABF401 /* Frameworks */ = {
			isa = PBXGroup;
			children = (
				F766D34018ECADCE00B3B590 /* GLKit.framework */,
				F766D33D18ECA71000B3B590 /* CoreLocation.framework */,
				F7D4DBED18EA11E100ABF401 /* MapKit.framework */,
				F7D4D83618EA00E600ABF401 /* Foundation.framework */,
				F7D4D84418EA00E600ABF401 /* XCTest.framework */,
				F7D4D84718EA00E600ABF401 /* UIKit.framework */,
				B8B28A2EAE96F7FDB7DD2582 /* libPods.a */,
			);
			name = Frameworks;
			sourceTree = "<group>";
		};
		F7D4D83818EA00E600ABF401 /* GustyAppKit */ = {
			isa = PBXGroup;
			children = (
				F72E901A1952CC8500CFB3B1 /* Help */,
				F72E8F9F194E446C00CFB3B1 /* Html */,
				F7D4D83918EA00E600ABF401 /* Supporting Files */,
				107385D48F6524887560CC29 /* CoreApp */,
				10738CCDA4AD218A93898A1B /* GoogleMobileAdsSupport */,
				107389D4098AC8681B3FF2EA /* FlurrySupport */,
			);
			path = GustyAppKit;
			sourceTree = "<group>";
		};
		F7D4D83918EA00E600ABF401 /* Supporting Files */ = {
			isa = PBXGroup;
			children = (
				F7D4D83A18EA00E600ABF401 /* GustyAppKit-Prefix.pch */,
			);
			name = "Supporting Files";
			sourceTree = "<group>";
		};
		F7D4D84C18EA00E600ABF401 /* GustyAppKitTests */ = {
			isa = PBXGroup;
			children = (
				F72E8FA9194E447A00CFB3B1 /* Html */,
				F7D4D84D18EA00E600ABF401 /* Supporting Files */,
				10738BFB6240009F8DE2D221 /* CoreUI */,
			);
			path = GustyAppKitTests;
			sourceTree = "<group>";
		};
		F7D4D84D18EA00E600ABF401 /* Supporting Files */ = {
			isa = PBXGroup;
			children = (
				F7D4D84E18EA00E600ABF401 /* GustyAppKitTests-Info.plist */,
				F7D4D84F18EA00E600ABF401 /* InfoPlist.strings */,
			);
			name = "Supporting Files";
			sourceTree = "<group>";
		};
/* End PBXGroup section */

/* Begin PBXNativeTarget section */
		F7D4D83218EA00E600ABF401 /* GustyAppKit */ = {
			isa = PBXNativeTarget;
			buildConfigurationList = F7D4D85618EA00E600ABF401 /* Build configuration list for PBXNativeTarget "GustyAppKit" */;
			buildPhases = (
				F7D4D82F18EA00E600ABF401 /* Sources */,
				F7D4D83018EA00E600ABF401 /* Frameworks */,
				F7D4D83118EA00E600ABF401 /* CopyFiles */,
			);
			buildRules = (
			);
			dependencies = (
			);
			name = GustyAppKit;
			productName = GustyLib;
			productReference = F7D4D83318EA00E600ABF401 /* libGustyAppKit.a */;
			productType = "com.apple.product-type.library.static";
		};
		F7D4D84218EA00E600ABF401 /* GustyAppKitTests */ = {
			isa = PBXNativeTarget;
			buildConfigurationList = F7D4D85918EA00E600ABF401 /* Build configuration list for PBXNativeTarget "GustyAppKitTests" */;
			buildPhases = (
				6A9527B91A1D4E51A9C8D223 /* Check Pods Manifest.lock */,
				F7D4D83F18EA00E600ABF401 /* Sources */,
				F7D4D84018EA00E600ABF401 /* Frameworks */,
				F7D4D84118EA00E600ABF401 /* Resources */,
				1C7D667698C24E6BAB3C02A4 /* Copy Pods Resources */,
			);
			buildRules = (
			);
			dependencies = (
				F7D4D84A18EA00E600ABF401 /* PBXTargetDependency */,
			);
			name = GustyAppKitTests;
			productName = GustyLibTests;
			productReference = F7D4D84318EA00E600ABF401 /* GustyAppKitTests.xctest */;
			productType = "com.apple.product-type.bundle.unit-test";
		};
/* End PBXNativeTarget section */

/* Begin PBXProject section */
		F7D4D82B18EA00E600ABF401 /* Project object */ = {
			isa = PBXProject;
			attributes = {
				CLASSPREFIX = IFA;
				LastUpgradeCheck = 0600;
				ORGANIZATIONNAME = "InfoAccent Pty Ltd";
				TargetAttributes = {
					F767CF101A8403FD0098BD60 = {
						CreatedOnToolsVersion = 6.1.1;
					};
				};
			};
			buildConfigurationList = F7D4D82E18EA00E600ABF401 /* Build configuration list for PBXProject "GustyAppKit" */;
			compatibilityVersion = "Xcode 3.2";
			developmentRegion = English;
			hasScannedForEncodings = 0;
			knownRegions = (
				en,
			);
			mainGroup = F7D4D82A18EA00E600ABF401;
			productRefGroup = F7D4D83418EA00E600ABF401 /* Products */;
			projectDirPath = "";
			projectRoot = "";
			targets = (
				F7D4D83218EA00E600ABF401 /* GustyAppKit */,
				F7D4D84218EA00E600ABF401 /* GustyAppKitTests */,
				F767CF101A8403FD0098BD60 /* GustyAppKitDoc */,
			);
		};
/* End PBXProject section */

/* Begin PBXResourcesBuildPhase section */
		F7D4D84118EA00E600ABF401 /* Resources */ = {
			isa = PBXResourcesBuildPhase;
			buildActionMask = 2147483647;
			files = (
				F72E8FB1194E447A00CFB3B1 /* HtmlParser_testdata1.html in Resources */,
				F72E8FB2194E447A00CFB3B1 /* HtmlParser_testdata2.html in Resources */,
				F72E8FB3194E447A00CFB3B1 /* HtmlParser_testdata3.html in Resources */,
				F7D4D85118EA00E600ABF401 /* InfoPlist.strings in Resources */,
				1073881DE070F9CABAFC0D2D /* HtmlParser_testdata4.html in Resources */,
			);
			runOnlyForDeploymentPostprocessing = 0;
		};
/* End PBXResourcesBuildPhase section */

/* Begin PBXShellScriptBuildPhase section */
		1C7D667698C24E6BAB3C02A4 /* Copy Pods Resources */ = {
			isa = PBXShellScriptBuildPhase;
			buildActionMask = 2147483647;
			files = (
			);
			inputPaths = (
			);
			name = "Copy Pods Resources";
			outputPaths = (
			);
			runOnlyForDeploymentPostprocessing = 0;
			shellPath = /bin/sh;
			shellScript = "\"${SRCROOT}/../Pods/Target Support Files/Pods/Pods-resources.sh\"\n";
			showEnvVarsInLog = 0;
		};
		6A9527B91A1D4E51A9C8D223 /* Check Pods Manifest.lock */ = {
			isa = PBXShellScriptBuildPhase;
			buildActionMask = 2147483647;
			files = (
			);
			inputPaths = (
			);
			name = "Check Pods Manifest.lock";
			outputPaths = (
			);
			runOnlyForDeploymentPostprocessing = 0;
			shellPath = /bin/sh;
			shellScript = "diff \"${PODS_ROOT}/../Podfile.lock\" \"${PODS_ROOT}/Manifest.lock\" > /dev/null\nif [[ $? != 0 ]] ; then\n    cat << EOM\nerror: The sandbox is not in sync with the Podfile.lock. Run 'pod install' or update your CocoaPods installation.\nEOM\n    exit 1\nfi\n";
			showEnvVarsInLog = 0;
		};
		F767CF141A84040E0098BD60 /* ShellScript */ = {
			isa = PBXShellScriptBuildPhase;
			buildActionMask = 2147483647;
			files = (
			);
			inputPaths = (
			);
			outputPaths = (
			);
			runOnlyForDeploymentPostprocessing = 0;
			shellPath = /bin/sh;
			shellScript = "#appledoc Xcode script\n# Start constants\ncompany=\"InfoAccent\";\ncompanyID=\"com.infoaccent\";\ncompanyURL=\"http://au.linkedin.com/in/mschroeder/en\";\ntarget=\"iphoneos\";\noutputPath=\"~/appledoc/${PROJECT_NAME}\";\n# End constants\n/usr/local/bin/appledoc \\\n--project-name \"${PROJECT_NAME}\" \\\n--project-company \"${company}\" \\\n--company-id \"${companyID}\" \\\n--docset-atom-filename \"${company}.atom\" \\\n--docset-feed-url \"${companyURL}/${company}/%DOCSETATOMFILENAME\" \\\n--docset-package-url \"${companyURL}/${company}/%DOCSETPACKAGEFILENAME\" \\\n--docset-fallback-url \"${companyURL}/${company}\" \\\n--output \"${outputPath}\" \\\n--publish-docset \\\n--docset-platform-family \"${target}\" \\\n--logformat xcode \\\n--keep-intermediate-files \\\n--no-repeat-first-par \\\n--exit-threshold 2 \\\n--explicit-crossref \\\n--warn-invalid-crossref \\\n--no-warn-undocumented-object \\\n--no-warn-undocumented-member \\\n--ignore Tests \\\n--ignore .m \\\n\"${PROJECT_DIR}\"";
		};
/* End PBXShellScriptBuildPhase section */

/* Begin PBXSourcesBuildPhase section */
		F7D4D82F18EA00E600ABF401 /* Sources */ = {
			isa = PBXSourcesBuildPhase;
			buildActionMask = 2147483647;
			files = (
				F72E90281952F03100CFB3B1 /* IFAHelpManager.m in Sources */,
				F7F1805519D35FDD00BFB8B6 /* IFAHelpContentViewController.m in Sources */,
				F7C8061E1AE8C50B0097280C /* IFASplitViewController.m in Sources */,
				F72E8FA8194E446C00CFB3B1 /* IFAHtmlParser.m in Sources */,
				F7F1805419D35FDD00BFB8B6 /* IFAHelpViewController.m in Sources */,
				1073809D93121BE27FD14729 /* IFAGoogleMobileAdsManager.m in Sources */,
				1073862083C98EE796A95569 /* UIViewController+IFAGoogleMobileAdsSupport.m in Sources */,
				F7C806171AE8C1FE0097280C /* IFAInternalWebBrowserActivity.m in Sources */,
				107384BF5B179BCC5696785F /* IFAFlurrySupportUtils.m in Sources */,
				F7C806441AE9998B0097280C /* UIImage+IFA_ECImageWithUIView.m in Sources */,
				10738E15A7A9AB4E71DD43E5 /* UIViewController+IFAFlurrySupport.m in Sources */,
				1073819B5968B4C40BD106EA /* IFAWebViewController.m in Sources */,
				1073852C105B26865BB1CC46 /* UIButton+IFAHelp.m in Sources */,
				10738C157DD7A0429F42455B /* UIViewController+IFAHelp.m in Sources */,
				10738424D3913A41A14FC055 /* IFA_SVModalWebViewController.m in Sources */,
				107389D31768B3E7759FFE8D /* IFA_SVWebViewController.m in Sources */,
				F7C8063B1AE9997B0097280C /* IFASlidingViewController.m in Sources */,
				F7C806181AE8C1FE0097280C /* IFAInternalWebBrowserViewController.m in Sources */,
				F7C806521AE9E3690097280C /* IFAAboutFormViewController.m in Sources */,
				10738E4B2E6EFC71DCC019C6 /* IFA_IBActionSheet.m in Sources */,
				1073890C5D466FC6E750909C /* IFAApplicationDelegate.m in Sources */,
				10738C09541F4AA5067C54BA /* IFAUserNotificationSettingsManager.m in Sources */,
				F7C806571AE9FA560097280C /* IFAPreferencesFormViewController.m in Sources */,
				10738D640B795DFB92775A1E /* NSURL+IFACoreApp.m in Sources */,
				F7C806531AE9E3690097280C /* IFAAboutViewController.m in Sources */,
				F7C806541AE9E3690097280C /* IFAAboutInfoModel.m in Sources */,
				F7C8064A1AE9DB5F0097280C /* IFAThirdPartyCodeCreditsViewController.m in Sources */,
				F7C806421AE9998B0097280C /* IFA_ECSlidingViewController.m in Sources */,
				10738186E7932FF17137318A /* UIViewController+IFACoreApp.m in Sources */,
				1073851A042989356E87C8E9 /* IFAExternalWebBrowserActivity.m in Sources */,
				107380EC7DB918081A4CFE27 /* IFAUIUtils+IFACoreApp.m in Sources */,
				1073859347BD2DC1A16AD962 /* IFAAppDefaultAppearanceTheme.m in Sources */,
				F7C8065A1AE9FAFA0097280C /* IFAAbstractWebBrowserActivity.m in Sources */,
				1073863758AF701EC68AE637 /* IFAMasterDetailViewController.m in Sources */,
				1073800227596C83086382AE /* IFAAbstractPagingContainerViewController.m in Sources */,
				107385AB01714EA48695AEB3 /* IFADynamicPagingContainerViewController.m in Sources */,
				107389FFA4D08D816F533543 /* IFAStaticPagingContainerViewController.m in Sources */,
				1073869E318B479D88C3429C /* IFAApplicationLog.m in Sources */,
				1073874199C37257285963AB /* IFAApplicationLog+IFACoreApp.m in Sources */,
				10738163D34A3FA84248B4D6 /* IFAApplicationLogViewController.m in Sources */,
				10738AA931A381674D3D45D6 /* IFAAppMapViewController.m in Sources */,
			);
			runOnlyForDeploymentPostprocessing = 0;
		};
		F7D4D83F18EA00E600ABF401 /* Sources */ = {
			isa = PBXSourcesBuildPhase;
			buildActionMask = 2147483647;
			files = (
				F72E8FB0194E447A00CFB3B1 /* IFAHtmlParserTests.m in Sources */,
				107386D9F658EFC78B25F59B /* IFAUserNotificationSettingsManagerTests.m in Sources */,
			);
			runOnlyForDeploymentPostprocessing = 0;
		};
/* End PBXSourcesBuildPhase section */

/* Begin PBXTargetDependency section */
		F7D4D84A18EA00E600ABF401 /* PBXTargetDependency */ = {
			isa = PBXTargetDependency;
			target = F7D4D83218EA00E600ABF401 /* GustyAppKit */;
			targetProxy = F7D4D84918EA00E600ABF401 /* PBXContainerItemProxy */;
		};
/* End PBXTargetDependency section */

/* Begin PBXVariantGroup section */
		F7D4D84F18EA00E600ABF401 /* InfoPlist.strings */ = {
			isa = PBXVariantGroup;
			children = (
				F7D4D85018EA00E600ABF401 /* en */,
			);
			name = InfoPlist.strings;
			sourceTree = "<group>";
		};
/* End PBXVariantGroup section */

/* Begin XCBuildConfiguration section */
		F767CF111A8403FD0098BD60 /* Debug */ = {
			isa = XCBuildConfiguration;
			buildSettings = {
				PRODUCT_NAME = GustyAppKitDoc;
			};
			name = Debug;
		};
		F767CF121A8403FD0098BD60 /* Release */ = {
			isa = XCBuildConfiguration;
			buildSettings = {
				PRODUCT_NAME = GustyAppKitDoc;
			};
			name = Release;
		};
		F7D4D85418EA00E600ABF401 /* Debug */ = {
			isa = XCBuildConfiguration;
			buildSettings = {
				ALWAYS_SEARCH_USER_PATHS = NO;
				CLANG_CXX_LANGUAGE_STANDARD = "gnu++0x";
				CLANG_CXX_LIBRARY = "libc++";
				CLANG_ENABLE_MODULES = YES;
				CLANG_ENABLE_OBJC_ARC = YES;
				CLANG_WARN_BOOL_CONVERSION = YES;
				CLANG_WARN_CONSTANT_CONVERSION = YES;
				CLANG_WARN_DIRECT_OBJC_ISA_USAGE = YES_ERROR;
				CLANG_WARN_EMPTY_BODY = YES;
				CLANG_WARN_ENUM_CONVERSION = YES;
				CLANG_WARN_INT_CONVERSION = YES;
				CLANG_WARN_OBJC_ROOT_CLASS = YES_ERROR;
				CLANG_WARN__DUPLICATE_METHOD_MATCH = YES;
				COPY_PHASE_STRIP = NO;
				GCC_C_LANGUAGE_STANDARD = gnu99;
				GCC_DYNAMIC_NO_PIC = NO;
				GCC_OPTIMIZATION_LEVEL = 0;
				GCC_PREPROCESSOR_DEFINITIONS = (
					"DEBUG=1",
					"$(inherited)",
				);
				GCC_SYMBOLS_PRIVATE_EXTERN = NO;
				GCC_TREAT_WARNINGS_AS_ERRORS = YES;
				GCC_WARN_64_TO_32_BIT_CONVERSION = YES;
				GCC_WARN_ABOUT_RETURN_TYPE = YES_ERROR;
				GCC_WARN_UNDECLARED_SELECTOR = YES;
				GCC_WARN_UNINITIALIZED_AUTOS = YES_AGGRESSIVE;
				GCC_WARN_UNUSED_FUNCTION = YES;
				GCC_WARN_UNUSED_VARIABLE = YES;
				IPHONEOS_DEPLOYMENT_TARGET = 8.0;
				ONLY_ACTIVE_ARCH = YES;
				SDKROOT = iphoneos;
				VALID_ARCHS = "armv7 armv7s arm64";
			};
			name = Debug;
		};
		F7D4D85518EA00E600ABF401 /* Release */ = {
			isa = XCBuildConfiguration;
			buildSettings = {
				ALWAYS_SEARCH_USER_PATHS = NO;
				CLANG_CXX_LANGUAGE_STANDARD = "gnu++0x";
				CLANG_CXX_LIBRARY = "libc++";
				CLANG_ENABLE_MODULES = YES;
				CLANG_ENABLE_OBJC_ARC = YES;
				CLANG_WARN_BOOL_CONVERSION = YES;
				CLANG_WARN_CONSTANT_CONVERSION = YES;
				CLANG_WARN_DIRECT_OBJC_ISA_USAGE = YES_ERROR;
				CLANG_WARN_EMPTY_BODY = YES;
				CLANG_WARN_ENUM_CONVERSION = YES;
				CLANG_WARN_INT_CONVERSION = YES;
				CLANG_WARN_OBJC_ROOT_CLASS = YES_ERROR;
				CLANG_WARN__DUPLICATE_METHOD_MATCH = YES;
				COPY_PHASE_STRIP = YES;
				ENABLE_NS_ASSERTIONS = NO;
				GCC_C_LANGUAGE_STANDARD = gnu99;
				GCC_TREAT_WARNINGS_AS_ERRORS = YES;
				GCC_WARN_64_TO_32_BIT_CONVERSION = YES;
				GCC_WARN_ABOUT_RETURN_TYPE = YES_ERROR;
				GCC_WARN_UNDECLARED_SELECTOR = YES;
				GCC_WARN_UNINITIALIZED_AUTOS = YES_AGGRESSIVE;
				GCC_WARN_UNUSED_FUNCTION = YES;
				GCC_WARN_UNUSED_VARIABLE = YES;
				IPHONEOS_DEPLOYMENT_TARGET = 8.0;
				SDKROOT = iphoneos;
				VALIDATE_PRODUCT = YES;
				VALID_ARCHS = "armv7 armv7s arm64";
			};
			name = Release;
		};
		F7D4D85718EA00E600ABF401 /* Debug */ = {
			isa = XCBuildConfiguration;
			baseConfigurationReference = 352117ED3BF7029F2C540646 /* Pods.debug.xcconfig */;
			buildSettings = {
				DSTROOT = /tmp/GustyAppKit.dst;
				GCC_PRECOMPILE_PREFIX_HEADER = YES;
				GCC_PREFIX_HEADER = "GustyAppKit/GustyAppKit-Prefix.pch";
				OTHER_LDFLAGS = "-ObjC";
				PRODUCT_NAME = GustyAppKit;
				SKIP_INSTALL = YES;
			};
			name = Debug;
		};
		F7D4D85818EA00E600ABF401 /* Release */ = {
			isa = XCBuildConfiguration;
			baseConfigurationReference = 80ECA84BFE535AB4430F53A7 /* Pods.release.xcconfig */;
			buildSettings = {
				DSTROOT = /tmp/GustyAppKit.dst;
				GCC_PRECOMPILE_PREFIX_HEADER = YES;
				GCC_PREFIX_HEADER = "GustyAppKit/GustyAppKit-Prefix.pch";
				OTHER_LDFLAGS = "-ObjC";
				PRODUCT_NAME = GustyAppKit;
				SKIP_INSTALL = YES;
			};
			name = Release;
		};
		F7D4D85A18EA00E600ABF401 /* Debug */ = {
			isa = XCBuildConfiguration;
			baseConfigurationReference = 352117ED3BF7029F2C540646 /* Pods.debug.xcconfig */;
			buildSettings = {
				FRAMEWORK_SEARCH_PATHS = (
					"$(SDKROOT)/Developer/Library/Frameworks",
					"$(inherited)",
					"$(DEVELOPER_FRAMEWORKS_DIR)",
				);
				GCC_PRECOMPILE_PREFIX_HEADER = YES;
				GCC_PREFIX_HEADER = "GustyAppKit/GustyAppKit-Prefix.pch";
				GCC_PREPROCESSOR_DEFINITIONS = (
					"DEBUG=1",
					"$(inherited)",
				);
				INFOPLIST_FILE = "GustyAppKitTests/GustyAppKitTests-Info.plist";
				PRODUCT_NAME = GustyAppKitTests;
				WRAPPER_EXTENSION = xctest;
			};
			name = Debug;
		};
		F7D4D85B18EA00E600ABF401 /* Release */ = {
			isa = XCBuildConfiguration;
			baseConfigurationReference = 80ECA84BFE535AB4430F53A7 /* Pods.release.xcconfig */;
			buildSettings = {
				FRAMEWORK_SEARCH_PATHS = (
					"$(SDKROOT)/Developer/Library/Frameworks",
					"$(inherited)",
					"$(DEVELOPER_FRAMEWORKS_DIR)",
				);
				GCC_PRECOMPILE_PREFIX_HEADER = YES;
				GCC_PREFIX_HEADER = "GustyAppKit/GustyAppKit-Prefix.pch";
				INFOPLIST_FILE = "GustyAppKitTests/GustyAppKitTests-Info.plist";
				PRODUCT_NAME = GustyAppKitTests;
				WRAPPER_EXTENSION = xctest;
			};
			name = Release;
		};
/* End XCBuildConfiguration section */

/* Begin XCConfigurationList section */
		F767CF131A8403FD0098BD60 /* Build configuration list for PBXAggregateTarget "GustyAppKitDoc" */ = {
			isa = XCConfigurationList;
			buildConfigurations = (
				F767CF111A8403FD0098BD60 /* Debug */,
				F767CF121A8403FD0098BD60 /* Release */,
			);
			defaultConfigurationIsVisible = 0;
			defaultConfigurationName = Release;
		};
		F7D4D82E18EA00E600ABF401 /* Build configuration list for PBXProject "GustyAppKit" */ = {
			isa = XCConfigurationList;
			buildConfigurations = (
				F7D4D85418EA00E600ABF401 /* Debug */,
				F7D4D85518EA00E600ABF401 /* Release */,
			);
			defaultConfigurationIsVisible = 0;
			defaultConfigurationName = Release;
		};
		F7D4D85618EA00E600ABF401 /* Build configuration list for PBXNativeTarget "GustyAppKit" */ = {
			isa = XCConfigurationList;
			buildConfigurations = (
				F7D4D85718EA00E600ABF401 /* Debug */,
				F7D4D85818EA00E600ABF401 /* Release */,
			);
			defaultConfigurationIsVisible = 0;
			defaultConfigurationName = Release;
		};
		F7D4D85918EA00E600ABF401 /* Build configuration list for PBXNativeTarget "GustyAppKitTests" */ = {
			isa = XCConfigurationList;
			buildConfigurations = (
				F7D4D85A18EA00E600ABF401 /* Debug */,
				F7D4D85B18EA00E600ABF401 /* Release */,
			);
			defaultConfigurationIsVisible = 0;
			defaultConfigurationName = Release;
		};
/* End XCConfigurationList section */
	};
	rootObject = F7D4D82B18EA00E600ABF401 /* Project object */;
}
